
Microsoft Visual Studio Solution File, Format Version 12.00
# Visual Studio Version 17
VisualStudioVersion = 17.1.32421.90
MinimumVisualStudioVersion = 10.0.40219.1
Project("{9A19103F-16F7-4668-BE54-9A1E7A4F7556}") = "eCRF", "eCRF.csproj", "{A8BDCC74-B408-4369-B112-17F63B000E09}"
EndProject
Global
	GlobalSection(SolutionConfigurationPlatforms) = preSolution
		Debug|Any CPU = Debug|Any CPU
		Release|Any CPU = Release|Any CPU
	EndGlobalSection
	GlobalSection(ProjectConfigurationPlatforms) = postSolution
		{A8BDCC74-B408-4369-B112-17F63B000E09}.Debug|Any CPU.ActiveCfg = Debug|Any CPU
		{A8BDCC74-B408-4369-B112-17F63B000E09}.Debug|Any CPU.Build.0 = Debug|Any CPU
		{A8BDCC74-B408-4369-B112-17F63B000E09}.Release|Any CPU.ActiveCfg = Release|Any CPU
		{A8BDCC74-B408-4369-B112-17F63B000E09}.Release|Any CPU.Build.0 = Release|Any CPU
	EndGlobalSection
	GlobalSection(SolutionProperties) = preSolution
		HideSolutionNode = FALSE
	EndGlobalSection
	GlobalSection(ExtensibilityGlobals) = postSolution
		SolutionGuid = {DEBEFF78-9B41-4163-88EB-49786D589B9A}
	EndGlobalSection
EndGlobal
